PODS:
  - Alamofire (4.7.1)
  - CRRefresh (1.0.7)
  - DZNEmptyDataSet (1.8.1)
  - FDFullscreenPopGesture (1.1)
  - HandyJSON (4.1.1)
  - HappyDNS (0.3.13)
  - IQKeyboardManager (5.0.8)
  - Qiniu (7.2.3):
    - HappyDNS (~> 0.3)
  - RxCocoa (4.1.2):
    - RxSwift (~> 4.0)
  - RxSwift (4.1.2)
  - SDCAlertView (8.0.2)
  - SnapKit (4.0.0)
  - SVProgressHUD (2.2.5)
  - SwiftyJSON (4.0.0)
  - TZImagePickerController (2.0.1)
  - UMengUShare/Core (6.4.8.2):
    - UMengUShare/Network
  - UMengUShare/Network (6.4.8.2)
  - UMengUShare/Social/ReducedQQ (6.4.8.2):
    - UMengUShare/Core
  - UMengUShare/Social/ReducedWeChat (6.4.8.2):
    - UMengUShare/Core
  - UMengUShare/UI (6.4.8.2):
    - UMengUShare/Core
  - YYKit (1.0.9):
    - YYKit/no-arc (= 1.0.9)
  - YYKit/no-arc (1.0.9)

DEPENDENCIES:
  - Alamofire
  - CRRefresh
  - DZNEmptyDataSet
  - FDFullscreenPopGesture
  - HandyJSON (~> 4.1.1)
  - IQKeyboardManager
  - Qiniu (~> 7.1)
  - RxCocoa (~> 4.0)
  - RxSwift (~> 4.0)
  - SDCAlertView
  - SnapKit
  - SVProgressHUD
  - SwiftyJSON
  - TZImagePickerController
  - UMengUShare/Social/ReducedQQ
  - UMengUShare/Social/ReducedWeChat
  - UMengUShare/UI
  - YYKit

SPEC CHECKSUMS:
  Alamofire: 68d7d521118d49c615a8d2214d87cdf525599d30
  CRRefresh: 0a77b1b0d81a6a9e1ac611cb748ba3660b89601f
  DZNEmptyDataSet: 9525833b9e68ac21c30253e1d3d7076cc828eaa7
  FDFullscreenPopGesture: a8a620179e3d9c40e8e00256dcee1c1a27c6d0f0
  HandyJSON: 3a3de917c4118767ffe41c29b5acba23409649f4
  HappyDNS: 17732b07a75bb9756bd6fe04452609e8da8c663e
  IQKeyboardManager: 266cb7b1d11f94a3e71229d77f960f9a1b538e5b
  Qiniu: ae0fea1cc379fae1560d8748ac537e0fbeb8626e
  RxCocoa: d88ba0f1f6abf040011a9eb4b539324fc426843a
  RxSwift: e49536837d9901277638493ea537394d4b55f570
  SDCAlertView: 289481e983c60abc5b4b5f4c7241fec9c7a853d5
  SnapKit: a42d492c16e80209130a3379f73596c3454b7694
  SVProgressHUD: 1428aafac632c1f86f62aa4243ec12008d7a51d6
  SwiftyJSON: 070dabdcb1beb81b247c65ffa3a79dbbfb3b48aa
  TZImagePickerController: 34ecb53af8c349964394407e42b6e54e22589ebe
  UMengUShare: 370d180101e13ee0227ae657ab119ba97243d2b3
  YYKit: 7cda43304a8dc3696c449041e2cb3107b4e236e7

PODFILE CHECKSUM: ad52a55f7fc84d36c18498b71d1b7fa1230acc57

COCOAPODS: 1.3.1
